// !$*UTF8*$!
{
	archiveVersion = 1;
	classes = {
	};
	objectVersion = 77;
	objects = {

/* Begin PBXContainerItemProxy section */
		6264A4B02CE142EF0026768C /* PBXContainerItemProxy */ = {
			isa = PBXContainerItemProxy;
			containerPortal = 6264A4952CE142EE0026768C /* Project object */;
			proxyType = 1;
			remoteGlobalIDString = 6264A49C2CE142EE0026768C;
			remoteInfo = DynamicDrift;
		};
		6264A4BA2CE142EF0026768C /* PBXContainerItemProxy */ = {
			isa = PBXContainerItemProxy;
			containerPortal = 6264A4952CE142EE0026768C /* Project object */;
			proxyType = 1;
			remoteGlobalIDString = 6264A49C2CE142EE0026768C;
			remoteInfo = DynamicDrift;
		};
/* End PBXContainerItemProxy section */

/* Begin PBXFileReference section */
		6264A49D2CE142EE0026768C /* DynamicDrift.app */ = {isa = PBXFileReference; explicitFileType = wrapper.application; includeInIndex = 0; path = DynamicDrift.app; sourceTree = BUILT_PRODUCTS_DIR; };
		6264A4AF2CE142EF0026768C /* DynamicDriftTests.xctest */ = {isa = PBXFileReference; explicitFileType = wrapper.cfbundle; includeInIndex = 0; path = DynamicDriftTests.xctest; sourceTree = BUILT_PRODUCTS_DIR; };
		6264A4B92CE142EF0026768C /* DynamicDriftUITests.xctest */ = {isa = PBXFileReference; explicitFileType = wrapper.cfbundle; includeInIndex = 0; path = DynamicDriftUITests.xctest; sourceTree = BUILT_PRODUCTS_DIR; };
/* End PBXFileReference section */

/* Begin PBXFileSystemSynchronizedRootGroup section */
		6264A49F2CE142EE0026768C /* DynamicDrift */ = {
			isa = PBXFileSystemSynchronizedRootGroup;
			path = DynamicDrift;
			sourceTree = "<group>";
		};
		6264A4B22CE142EF0026768C /* DynamicDriftTests */ = {
			isa = PBXFileSystemSynchronizedRootGroup;
			path = DynamicDriftTests;
			sourceTree = "<group>";
		};
		6264A4BC2CE142EF0026768C /* DynamicDriftUITests */ = {
			isa = PBXFileSystemSynchronizedRootGroup;
			path = DynamicDriftUITests;
			sourceTree = "<group>";
		};
/* End PBXFileSystemSynchronizedRootGroup section */

/* Begin PBXFrameworksBuildPhase section */
		6264A49A2CE142EE0026768C /* Frameworks */ = {
			isa = PBXFrameworksBuildPhase;
			buildActionMask = 2147483647;
			files = (
			);
			runOnlyForDeploymentPostprocessing = 0;
		};
		6264A4AC2CE142EF0026768C /* Frameworks */ = {
			isa = PBXFrameworksBuildPhase;
			buildActionMask = 2147483647;
			files = (
			);
			runOnlyForDeploymentPostprocessing = 0;
		};
		6264A4B62CE142EF0026768C /* Frameworks */ = {
			isa = PBXFrameworksBuildPhase;
			buildActionMask = 2147483647;
			files = (
			);
			runOnlyForDeploymentPostprocessing = 0;
		};
/* End PBXFrameworksBuildPhase section */

/* Begin PBXGroup section */
		6264A4942CE142EE0026768C = {
			isa = PBXGroup;
			children = (
				6264A49F2CE142EE0026768C /* DynamicDrift */,
				6264A4B22CE142EF0026768C /* DynamicDriftTests */,
				6264A4BC2CE142EF0026768C /* DynamicDriftUITests */,
				6264A49E2CE142EE0026768C /* Products */,
			);
			sourceTree = "<group>";
		};
		6264A49E2CE142EE0026768C /* Products */ = {
			isa = PBXGroup;
			children = (
				6264A49D2CE142EE0026768C /* DynamicDrift.app */,
				6264A4AF2CE142EF0026768C /* DynamicDriftTests.xctest */,
				6264A4B92CE142EF0026768C /* DynamicDriftUITests.xctest */,
			);
			name = Products;
			sourceTree = "<group>";
		};
/* End PBXGroup section */

/* Begin PBXNativeTarget section */
		6264A49C2CE142EE0026768C /* DynamicDrift */ = {
			isa = PBXNativeTarget;
			buildConfigurationList = 6264A4C32CE142EF0026768C /* Build configuration list for PBXNativeTarget "DynamicDrift" */;
			buildPhases = (
				6264A4992CE142EE0026768C /* Sources */,
				6264A49A2CE142EE0026768C /* Frameworks */,
				6264A49B2CE142EE0026768C /* Resources */,
			);
			buildRules = (
			);
			dependencies = (
			);
			fileSystemSynchronizedGroups = (
				6264A49F2CE142EE0026768C /* DynamicDrift */,
			);
			name = DynamicDrift;
			packageProductDependencies = (
			);
			productName = DynamicDrift;
			productReference = 6264A49D2CE142EE0026768C /* DynamicDrift.app */;
			productType = "com.apple.product-type.application";
		};
		6264A4AE2CE142EF0026768C /* DynamicDriftTests */ = {
			isa = PBXNativeTarget;
			buildConfigurationList = 6264A4C62CE142EF0026768C /* Build configuration list for PBXNativeTarget "DynamicDriftTests" */;
			buildPhases = (
				6264A4AB2CE142EF0026768C /* Sources */,
				6264A4AC2CE142EF0026768C /* Frameworks */,
				6264A4AD2CE142EF0026768C /* Resources */,
			);
			buildRules = (
			);
			dependencies = (
				6264A4B12CE142EF0026768C /* PBXTargetDependency */,
			);
			fileSystemSynchronizedGroups = (
				6264A4B22CE142EF0026768C /* DynamicDriftTests */,
			);
			name = DynamicDriftTests;
			packageProductDependencies = (
			);
			productName = DynamicDriftTests;
			productReference = 6264A4AF2CE142EF0026768C /* DynamicDriftTests.xctest */;
			productType = "com.apple.product-type.bundle.unit-test";
		};
		6264A4B82CE142EF0026768C /* DynamicDriftUITests */ = {
			isa = PBXNativeTarget;
			buildConfigurationList = 6264A4C92CE142EF0026768C /* Build configuration list for PBXNativeTarget "DynamicDriftUITests" */;
			buildPhases = (
				6264A4B52CE142EF0026768C /* Sources */,
				6264A4B62CE142EF0026768C /* Frameworks */,
				6264A4B72CE142EF0026768C /* Resources */,
			);
			buildRules = (
			);
			dependencies = (
				6264A4BB2CE142EF0026768C /* PBXTargetDependency */,
			);
			fileSystemSynchronizedGroups = (
				6264A4BC2CE142EF0026768C /* DynamicDriftUITests */,
			);
			name = DynamicDriftUITests;
			packageProductDependencies = (
			);
			productName = DynamicDriftUITests;
			productReference = 6264A4B92CE142EF0026768C /* DynamicDriftUITests.xctest */;
			productType = "com.apple.product-type.bundle.ui-testing";
		};
/* End PBXNativeTarget section */

/* Begin PBXProject section */
		6264A4952CE142EE0026768C /* Project object */ = {
			isa = PBXProject;
			attributes = {
				BuildIndependentTargetsInParallel = 1;
				LastSwiftUpdateCheck = 1610;
				LastUpgradeCheck = 1610;
				TargetAttributes = {
					6264A49C2CE142EE0026768C = {
						CreatedOnToolsVersion = 16.1;
					};
					6264A4AE2CE142EF0026768C = {
						CreatedOnToolsVersion = 16.1;
						TestTargetID = 6264A49C2CE142EE0026768C;
					};
					6264A4B82CE142EF0026768C = {
						CreatedOnToolsVersion = 16.1;
						TestTargetID = 6264A49C2CE142EE0026768C;
					};
				};
			};
			buildConfigurationList = 6264A4982CE142EE0026768C /* Build configuration list for PBXProject "DynamicDrift" */;
			developmentRegion = en;
			hasScannedForEncodings = 0;
			knownRegions = (
				en,
				Base,
			);
			mainGroup = 6264A4942CE142EE0026768C;
			minimizedProjectReferenceProxies = 1;
			preferredProjectObjectVersion = 77;
			productRefGroup = 6264A49E2CE142EE0026768C /* Products */;
			projectDirPath = "";
			projectRoot = "";
			targets = (
				6264A49C2CE142EE0026768C /* DynamicDrift */,
				6264A4AE2CE142EF0026768C /* DynamicDriftTests */,
				6264A4B82CE142EF0026768C /* DynamicDriftUITests */,
			);
		};
/* End PBXProject section */

/* Begin PBXResourcesBuildPhase section */
		6264A49B2CE142EE0026768C /* Resources */ = {
			isa = PBXResourcesBuildPhase;
			buildActionMask = 2147483647;
			files = (
			);
			runOnlyForDeploymentPostprocessing = 0;
		};
		6264A4AD2CE142EF0026768C /* Resources */ = {
			isa = PBXResourcesBuildPhase;
			buildActionMask = 2147483647;
			files = (
			);
			runOnlyForDeploymentPostprocessing = 0;
		};
		6264A4B72CE142EF0026768C /* Resources */ = {
			isa = PBXResourcesBuildPhase;
			buildActionMask = 2147483647;
			files = (
			);
			runOnlyForDeploymentPostprocessing = 0;
		};
/* End PBXResourcesBuildPhase section */

/* Begin PBXSourcesBuildPhase section */
		6264A4992CE142EE0026768C /* Sources */ = {
			isa = PBXSourcesBuildPhase;
			buildActionMask = 2147483647;
			files = (
			);
			runOnlyForDeploymentPostprocessing = 0;
		};
		6264A4AB2CE142EF0026768C /* Sources */ = {
			isa = PBXSourcesBuildPhase;
			buildActionMask = 2147483647;
			files = (
			);
			runOnlyForDeploymentPostprocessing = 0;
		};
		6264A4B52CE142EF0026768C /* Sources */ = {
			isa = PBXSourcesBuildPhase;
			buildActionMask = 2147483647;
			files = (
			);
			runOnlyForDeploymentPostprocessing = 0;
		};
/* End PBXSourcesBuildPhase section */

/* Begin PBXTargetDependency section */
		6264A4B12CE142EF0026768C /* PBXTargetDependency */ = {
			isa = PBXTargetDependency;
			target = 6264A49C2CE142EE0026768C /* DynamicDrift */;
			targetProxy = 6264A4B02CE142EF0026768C /* PBXContainerItemProxy */;
		};
		6264A4BB2CE142EF0026768C /* PBXTargetDependency */ = {
			isa = PBXTargetDependency;
			target = 6264A49C2CE142EE0026768C /* DynamicDrift */;
			targetProxy = 6264A4BA2CE142EF0026768C /* PBXContainerItemProxy */;
		};
/* End PBXTargetDependency section */

/* Begin XCBuildConfiguration section */
		6264A4C12CE142EF0026768C /* Debug */ = {
			isa = XCBuildConfiguration;
			buildSettings = {
				ALWAYS_SEARCH_USER_PATHS = NO;
				ASSETCATALOG_COMPILER_GENERATE_SWIFT_ASSET_SYMBOL_EXTENSIONS = YES;
				CLANG_ANALYZER_NONNULL = YES;
				CLANG_ANALYZER_NUMBER_OBJECT_CONVERSION = YES_AGGRESSIVE;
				CLANG_CXX_LANGUAGE_STANDARD = "gnu++20";
				CLANG_ENABLE_MODULES = YES;
				CLANG_ENABLE_OBJC_ARC = YES;
				CLANG_ENABLE_OBJC_WEAK = YES;
				CLANG_WARN_BLOCK_CAPTURE_AUTORELEASING = YES;
				CLANG_WARN_BOOL_CONVERSION = YES;
				CLANG_WARN_COMMA = YES;
				CLANG_WARN_CONSTANT_CONVERSION = YES;
				CLANG_WARN_DEPRECATED_OBJC_IMPLEMENTATIONS = YES;
				CLANG_WARN_DIRECT_OBJC_ISA_USAGE = YES_ERROR;
				CLANG_WARN_DOCUMENTATION_COMMENTS = YES;
				CLANG_WARN_EMPTY_BODY = YES;
				CLANG_WARN_ENUM_CONVERSION = YES;
				CLANG_WARN_INFINITE_RECURSION = YES;
				CLANG_WARN_INT_CONVERSION = YES;
				CLANG_WARN_NON_LITERAL_NULL_CONVERSION = YES;
				CLANG_WARN_OBJC_IMPLICIT_RETAIN_SELF = YES;
				CLANG_WARN_OBJC_LITERAL_CONVERSION = YES;
				CLANG_WARN_OBJC_ROOT_CLASS = YES_ERROR;
				CLANG_WARN_QUOTED_INCLUDE_IN_FRAMEWORK_HEADER = YES;
				CLANG_WARN_RANGE_LOOP_ANALYSIS = YES;
				CLANG_WARN_STRICT_PROTOTYPES = YES;
				CLANG_WARN_SUSPICIOUS_MOVE = YES;
				CLANG_WARN_UNGUARDED_AVAILABILITY = YES_AGGRESSIVE;
				CLANG_WARN_UNREACHABLE_CODE = YES;
				CLANG_WARN__DUPLICATE_METHOD_MATCH = YES;
				COPY_PHASE_STRIP = NO;
				DEBUG_INFORMATION_FORMAT = dwarf;
				ENABLE_STRICT_OBJC_MSGSEND = YES;
				ENABLE_TESTABILITY = YES;
				ENABLE_USER_SCRIPT_SANDBOXING = YES;
				GCC_C_LANGUAGE_STANDARD = gnu17;
				GCC_DYNAMIC_NO_PIC = NO;
				GCC_NO_COMMON_BLOCKS = YES;
				GCC_OPTIMIZATION_LEVEL = 0;
				GCC_PREPROCESSOR_DEFINITIONS = (
					"DEBUG=1",
					"$(inherited)",
				);
				GCC_WARN_64_TO_32_BIT_CONVERSION = YES;
				GCC_WARN_ABOUT_RETURN_TYPE = YES_ERROR;
				GCC_WARN_UNDECLARED_SELECTOR = YES;
				GCC_WARN_UNINITIALIZED_AUTOS = YES_AGGRESSIVE;
				GCC_WARN_UNUSED_FUNCTION = YES;
				GCC_WARN_UNUSED_VARIABLE = YES;
				IPHONEOS_DEPLOYMENT_TARGET = 18.1;
				LOCALIZATION_PREFERS_STRING_CATALOGS = YES;
				MTL_ENABLE_DEBUG_INFO = INCLUDE_SOURCE;
				MTL_FAST_MATH = YES;
				ONLY_ACTIVE_ARCH = YES;
				SDKROOT = iphoneos;
				SWIFT_ACTIVE_COMPILATION_CONDITIONS = "DEBUG $(inherited)";
				SWIFT_OPTIMIZATION_LEVEL = "-Onone";
			};
			name = Debug;
		};
		6264A4C22CE142EF0026768C /* Release */ = {
			isa = XCBuildConfiguration;
			buildSettings = {
				ALWAYS_SEARCH_USER_PATHS = NO;
				ASSETCATALOG_COMPILER_GENERATE_SWIFT_ASSET_SYMBOL_EXTENSIONS = YES;
				CLANG_ANALYZER_NONNULL = YES;
				CLANG_ANALYZER_NUMBER_OBJECT_CONVERSION = YES_AGGRESSIVE;
				CLANG_CXX_LANGUAGE_STANDARD = "gnu++20";
				CLANG_ENABLE_MODULES = YES;
				CLANG_ENABLE_OBJC_ARC = YES;
				CLANG_ENABLE_OBJC_WEAK = YES;
				CLANG_WARN_BLOCK_CAPTURE_AUTORELEASING = YES;
				CLANG_WARN_BOOL_CONVERSION = YES;
				CLANG_WARN_COMMA = YES;
				CLANG_WARN_CONSTANT_CONVERSION = YES;
				CLANG_WARN_DEPRECATED_OBJC_IMPLEMENTATIONS = YES;
				CLANG_WARN_DIRECT_OBJC_ISA_USAGE = YES_ERROR;
				CLANG_WARN_DOCUMENTATION_COMMENTS = YES;
				CLANG_WARN_EMPTY_BODY = YES;
				CLANG_WARN_ENUM_CONVERSION = YES;
				CLANG_WARN_INFINITE_RECURSION = YES;
				CLANG_WARN_INT_CONVERSION = YES;
				CLANG_WARN_NON_LITERAL_NULL_CONVERSION = YES;
				CLANG_WARN_OBJC_IMPLICIT_RETAIN_SELF = YES;
				CLANG_WARN_OBJC_LITERAL_CONVERSION = YES;
				CLANG_WARN_OBJC_ROOT_CLASS = YES_ERROR;
				CLANG_WARN_QUOTED_INCLUDE_IN_FRAMEWORK_HEADER = YES;
				CLANG_WARN_RANGE_LOOP_ANALYSIS = YES;
				CLANG_WARN_STRICT_PROTOTYPES = YES;
				CLANG_WARN_SUSPICIOUS_MOVE = YES;
				CLANG_WARN_UNGUARDED_AVAILABILITY = YES_AGGRESSIVE;
				CLANG_WARN_UNREACHABLE_CODE = YES;
				CLANG_WARN__DUPLICATE_METHOD_MATCH = YES;
				COPY_PHASE_STRIP = NO;
				DEBUG_INFORMATION_FORMAT = "dwarf-with-dsym";
				ENABLE_NS_ASSERTIONS = NO;
				ENABLE_STRICT_OBJC_MSGSEND = YES;
				ENABLE_USER_SCRIPT_SANDBOXING = YES;
				GCC_C_LANGUAGE_STANDARD = gnu17;
				GCC_NO_COMMON_BLOCKS = YES;
				GCC_WARN_64_TO_32_BIT_CONVERSION = YES;
				GCC_WARN_ABOUT_RETURN_TYPE = YES_ERROR;
				GCC_WARN_UNDECLARED_SELECTOR = YES;
				GCC_WARN_UNINITIALIZED_AUTOS = YES_AGGRESSIVE;
				GCC_WARN_UNUSED_FUNCTION = YES;
				GCC_WARN_UNUSED_VARIABLE = YES;
				IPHONEOS_DEPLOYMENT_TARGET = 18.1;
				LOCALIZATION_PREFERS_STRING_CATALOGS = YES;
				MTL_ENABLE_DEBUG_INFO = NO;
				MTL_FAST_MATH = YES;
				SDKROOT = iphoneos;
				SWIFT_COMPILATION_MODE = wholemodule;
				VALIDATE_PRODUCT = YES;
			};
			name = Release;
		};
		6264A4C42CE142EF0026768C /* Debug */ = {
			isa = XCBuildConfiguration;
			buildSettings = {
				ASSETCATALOG_COMPILER_APPICON_NAME = AppIcon;
				ASSETCATALOG_COMPILER_GLOBAL_ACCENT_COLOR_NAME = AccentColor;
				CODE_SIGN_STYLE = Automatic;
				CURRENT_PROJECT_VERSION = 1;
				DEVELOPMENT_ASSET_PATHS = "\"DynamicDrift/Preview Content\"";
				DEVELOPMENT_TEAM = 47XQ45TTKW;
				ENABLE_PREVIEWS = YES;
				GENERATE_INFOPLIST_FILE = YES;
				INFOPLIST_KEY_UIApplicationSceneManifest_Generation = YES;
				INFOPLIST_KEY_UIApplicationSupportsIndirectInputEvents = YES;
				INFOPLIST_KEY_UILaunchScreen_Generation = YES;
				INFOPLIST_KEY_UISupportedInterfaceOrientations_iPad = "UIInterfaceOrientationPortrait UIInterfaceOrientationPortraitUpsideDown UIInterfaceOrientationLandscapeLeft UIInterfaceOrientationLandscapeRight";
				INFOPLIST_KEY_UISupportedInterfaceOrientations_iPhone = "UIInterfaceOrientationPortrait UIInterfaceOrientationLandscapeLeft UIInterfaceOrientationLandscapeRight";
				LD_RUNPATH_SEARCH_PATHS = (
					"$(inherited)",
					"@executable_path/Frameworks",
				);
				MARKETING_VERSION = 1.0;
				PRODUCT_BUNDLE_IDENTIFIER = Dy.Drift.DynamicDrift;
				PRODUCT_NAME = "$(TARGET_NAME)";
				SWIFT_EMIT_LOC_STRINGS = YES;
				SWIFT_VERSION = 5.0;
				TARGETED_DEVICE_FAMILY = "1,2";
			};
			name = Debug;
		};
		6264A4C52CE142EF0026768C /* Release */ = {
			isa = XCBuildConfiguration;
			buildSettings = {
				ASSETCATALOG_COMPILER_APPICON_NAME = AppIcon;
				ASSETCATALOG_COMPILER_GLOBAL_ACCENT_COLOR_NAME = AccentColor;
				CODE_SIGN_STYLE = Automatic;
				CURRENT_PROJECT_VERSION = 1;
				DEVELOPMENT_ASSET_PATHS = "\"DynamicDrift/Preview Content\"";
				DEVELOPMENT_TEAM = 47XQ45TTKW;
				ENABLE_PREVIEWS = YES;
				GENERATE_INFOPLIST_FILE = YES;
				INFOPLIST_KEY_UIApplicationSceneManifest_Generation = YES;
				INFOPLIST_KEY_UIApplicationSupportsIndirectInputEvents = YES;
				INFOPLIST_KEY_UILaunchScreen_Generation = YES;
				INFOPLIST_KEY_UISupportedInterfaceOrientations_iPad = "UIInterfaceOrientationPortrait UIInterfaceOrientationPortraitUpsideDown UIInterfaceOrientationLandscapeLeft UIInterfaceOrientationLandscapeRight";
				INFOPLIST_KEY_UISupportedInterfaceOrientations_iPhone = "UIInterfaceOrientationPortrait UIInterfaceOrientationLandscapeLeft UIInterfaceOrientationLandscapeRight";
				LD_RUNPATH_SEARCH_PATHS = (
					"$(inherited)",
					"@executable_path/Frameworks",
				);
				MARKETING_VERSION = 1.0;
				PRODUCT_BUNDLE_IDENTIFIER = Dy.Drift.DynamicDrift;
				PRODUCT_NAME = "$(TARGET_NAME)";
				SWIFT_EMIT_LOC_STRINGS = YES;
				SWIFT_VERSION = 5.0;
				TARGETED_DEVICE_FAMILY = "1,2";
			};
			name = Release;
		};
		6264A4C72CE142EF0026768C /* Debug */ = {
			isa = XCBuildConfiguration;
			buildSettings = {
				BUNDLE_LOADER = "$(TEST_HOST)";
				CODE_SIGN_STYLE = Automatic;
				CURRENT_PROJECT_VERSION = 1;
				DEVELOPMENT_TEAM = 47XQ45TTKW;
				GENERATE_INFOPLIST_FILE = YES;
				IPHONEOS_DEPLOYMENT_TARGET = 18.1;
				MARKETING_VERSION = 1.0;
				PRODUCT_BUNDLE_IDENTIFIER = Dy.Drift.DynamicDriftTests;
				PRODUCT_NAME = "$(TARGET_NAME)";
				SWIFT_EMIT_LOC_STRINGS = NO;
				SWIFT_VERSION = 5.0;
				TARGETED_DEVICE_FAMILY = "1,2";
				TEST_HOST = "$(BUILT_PRODUCTS_DIR)/DynamicDrift.app/$(BUNDLE_EXECUTABLE_FOLDER_PATH)/DynamicDrift";
			};
			name = Debug;
		};
		6264A4C82CE142EF0026768C /* Release */ = {
			isa = XCBuildConfiguration;
			buildSettings = {
				BUNDLE_LOADER = "$(TEST_HOST)";
				CODE_SIGN_STYLE = Automatic;
				CURRENT_PROJECT_VERSION = 1;
				DEVELOPMENT_TEAM = 47XQ45TTKW;
				GENERATE_INFOPLIST_FILE = YES;
				IPHONEOS_DEPLOYMENT_TARGET = 18.1;
				MARKETING_VERSION = 1.0;
				PRODUCT_BUNDLE_IDENTIFIER = Dy.Drift.DynamicDriftTests;
				PRODUCT_NAME = "$(TARGET_NAME)";
				SWIFT_EMIT_LOC_STRINGS = NO;
				SWIFT_VERSION = 5.0;
				TARGETED_DEVICE_FAMILY = "1,2";
				TEST_HOST = "$(BUILT_PRODUCTS_DIR)/DynamicDrift.app/$(BUNDLE_EXECUTABLE_FOLDER_PATH)/DynamicDrift";
			};
			name = Release;
		};
		6264A4CA2CE142EF0026768C /* Debug */ = {
			isa = XCBuildConfiguration;
			buildSettings = {
				CODE_SIGN_STYLE = Automatic;
				CURRENT_PROJECT_VERSION = 1;
				DEVELOPMENT_TEAM = 47XQ45TTKW;
				GENERATE_INFOPLIST_FILE = YES;
				MARKETING_VERSION = 1.0;
				PRODUCT_BUNDLE_IDENTIFIER = Dy.Drift.DynamicDriftUITests;
				PRODUCT_NAME = "$(TARGET_NAME)";
				SWIFT_EMIT_LOC_STRINGS = NO;
				SWIFT_VERSION = 5.0;
				TARGETED_DEVICE_FAMILY = "1,2";
				TEST_TARGET_NAME = DynamicDrift;
			};
			name = Debug;
		};
		6264A4CB2CE142EF0026768C /* Release */ = {
			isa = XCBuildConfiguration;
			buildSettings = {
				CODE_SIGN_STYLE = Automatic;
				CURRENT_PROJECT_VERSION = 1;
				DEVELOPMENT_TEAM = 47XQ45TTKW;
				GENERATE_INFOPLIST_FILE = YES;
				MARKETING_VERSION = 1.0;
				PRODUCT_BUNDLE_IDENTIFIER = Dy.Drift.DynamicDriftUITests;
				PRODUCT_NAME = "$(TARGET_NAME)";
				SWIFT_EMIT_LOC_STRINGS = NO;
				SWIFT_VERSION = 5.0;
				TARGETED_DEVICE_FAMILY = "1,2";
				TEST_TARGET_NAME = DynamicDrift;
			};
			name = Release;
		};
/* End XCBuildConfiguration section */

/* Begin XCConfigurationList section */
		6264A4982CE142EE0026768C /* Build configuration list for PBXProject "DynamicDrift" */ = {
			isa = XCConfigurationList;
			buildConfigurations = (
				6264A4C12CE142EF0026768C /* Debug */,
				6264A4C22CE142EF0026768C /* Release */,
			);
			defaultConfigurationIsVisible = 0;
			defaultConfigurationName = Release;
		};
		6264A4C32CE142EF0026768C /* Build configuration list for PBXNativeTarget "DynamicDrift" */ = {
			isa = XCConfigurationList;
			buildConfigurations = (
				6264A4C42CE142EF0026768C /* Debug */,
				6264A4C52CE142EF0026768C /* Release */,
			);
			defaultConfigurationIsVisible = 0;
			defaultConfigurationName = Release;
		};
		6264A4C62CE142EF0026768C /* Build configuration list for PBXNativeTarget "DynamicDriftTests" */ = {
			isa = XCConfigurationList;
			buildConfigurations = (
				6264A4C72CE142EF0026768C /* Debug */,
				6264A4C82CE142EF0026768C /* Release */,
			);
			defaultConfigurationIsVisible = 0;
			defaultConfigurationName = Release;
		};
		6264A4C92CE142EF0026768C /* Build configuration list for PBXNativeTarget "DynamicDriftUITests" */ = {
			isa = XCConfigurationList;
			buildConfigurations = (
				6264A4CA2CE142EF0026768C /* Debug */,
				6264A4CB2CE142EF0026768C /* Release */,
			);
			defaultConfigurationIsVisible = 0;
			defaultConfigurationName = Release;
		};
/* End XCConfigurationList section */
	};
	rootObject = 6264A4952CE142EE0026768C /* Project object */;
}
